// !$*UTF8*$!
{
	archiveVersion = 1;
	classes = {
	};
	objectVersion = 56;
	objects = {

/* Begin PBXBuildFile section */
		F11D97B42B61BC2500304B7B /* AppDelegate.swift in Sources */ = {isa = PBXBuildFile; fileRef = F11D97B32B61BC2500304B7B /* AppDelegate.swift */; };
		F11D97B62B61BC2500304B7B /* SceneDelegate.swift in Sources */ = {isa = PBXBuildFile; fileRef = F11D97B52B61BC2500304B7B /* SceneDelegate.swift */; };
		F11D97B82B61BC2500304B7B /* BookViewController.swift in Sources */ = {isa = PBXBuildFile; fileRef = F11D97B72B61BC2500304B7B /* BookViewController.swift */; };
		F11D97BD2B61BC2500304B7B /* Assets.xcassets in Resources */ = {isa = PBXBuildFile; fileRef = F11D97BC2B61BC2500304B7B /* Assets.xcassets */; };
		F11D97C02B61BC2500304B7B /* LaunchScreen.storyboard in Resources */ = {isa = PBXBuildFile; fileRef = F11D97BE2B61BC2500304B7B /* LaunchScreen.storyboard */; };
		F11D97CA2B62809800304B7B /* TripViewController.swift in Sources */ = {isa = PBXBuildFile; fileRef = F11D97C92B62809800304B7B /* TripViewController.swift */; };
		F11D97CD2B62866900304B7B /* Model.swift in Sources */ = {isa = PBXBuildFile; fileRef = F11D97CC2B62866900304B7B /* Model.swift */; };
		F11D97D02B62879100304B7B /* Extensions.swift in Sources */ = {isa = PBXBuildFile; fileRef = F11D97CF2B62879100304B7B /* Extensions.swift */; };
		F11D97D22B628A0B00304B7B /* BookCustomTableViewCell.swift in Sources */ = {isa = PBXBuildFile; fileRef = F11D97D12B628A0B00304B7B /* BookCustomTableViewCell.swift */; };
		F11D97D52B6530C200304B7B /* Segoe UI.ttf in Resources */ = {isa = PBXBuildFile; fileRef = F11D97D42B6530C200304B7B /* Segoe UI.ttf */; };
		F1BF4B142B69D50F000A7B3F /* NotoSans-Regular.ttf in Resources */ = {isa = PBXBuildFile; fileRef = F1BF4B112B69D50F000A7B3F /* NotoSans-Regular.ttf */; };
		F1BF4B152B69D50F000A7B3F /* NotoSans-Bold.ttf in Resources */ = {isa = PBXBuildFile; fileRef = F1BF4B122B69D50F000A7B3F /* NotoSans-Bold.ttf */; };
		F1BF4B162B69D50F000A7B3F /* NotoSans-Medium.ttf in Resources */ = {isa = PBXBuildFile; fileRef = F1BF4B132B69D50F000A7B3F /* NotoSans-Medium.ttf */; };
		F1BF4B182B69D583000A7B3F /* TripModel.swift in Sources */ = {isa = PBXBuildFile; fileRef = F1BF4B172B69D583000A7B3F /* TripModel.swift */; };
		F1BF4B1A2B69D5AC000A7B3F /* TripTableViewCell.swift in Sources */ = {isa = PBXBuildFile; fileRef = F1BF4B192B69D5AC000A7B3F /* TripTableViewCell.swift */; };
		F1BF4B1D2B6ADA42000A7B3F /* CryptoViewController.swift in Sources */ = {isa = PBXBuildFile; fileRef = F1BF4B1C2B6ADA42000A7B3F /* CryptoViewController.swift */; };
		F1BF4B1F2B6AFBC4000A7B3F /* Segoe UI Bold.ttf in Resources */ = {isa = PBXBuildFile; fileRef = F1BF4B1E2B6AFBC4000A7B3F /* Segoe UI Bold.ttf */; };
		F1BF4B262B6B0DB5000A7B3F /* CryptoModel.swift in Sources */ = {isa = PBXBuildFile; fileRef = F1BF4B252B6B0DB5000A7B3F /* CryptoModel.swift */; };
		F1BF4B282B6B0DEF000A7B3F /* CryptoTableViewCell.swift in Sources */ = {isa = PBXBuildFile; fileRef = F1BF4B272B6B0DEF000A7B3F /* CryptoTableViewCell.swift */; };
		F1CA12402B6D8686006F8D8E /* FinanceTableViewCell.swift in Sources */ = {isa = PBXBuildFile; fileRef = F1CA123F2B6D8686006F8D8E /* FinanceTableViewCell.swift */; };
		F1CA12422B6D8696006F8D8E /* FinanceViewController.swift in Sources */ = {isa = PBXBuildFile; fileRef = F1CA12412B6D8696006F8D8E /* FinanceViewController.swift */; };
		F1CA12442B6D86A7006F8D8E /* FinanceModel.swift in Sources */ = {isa = PBXBuildFile; fileRef = F1CA12432B6D86A7006F8D8E /* FinanceModel.swift */; };
		F1CA12482B6D8E24006F8D8E /* Inter-Medium.ttf in Resources */ = {isa = PBXBuildFile; fileRef = F1CA12452B6D8E24006F8D8E /* Inter-Medium.ttf */; };
		F1CA12492B6D8E24006F8D8E /* Inter-Regular.ttf in Resources */ = {isa = PBXBuildFile; fileRef = F1CA12462B6D8E24006F8D8E /* Inter-Regular.ttf */; };
		F1CA124A2B6D8E24006F8D8E /* Inter-ExtraBold.ttf in Resources */ = {isa = PBXBuildFile; fileRef = F1CA12472B6D8E24006F8D8E /* Inter-ExtraBold.ttf */; };
/* End PBXBuildFile section */

/* Begin PBXFileReference section */
		F11D97B02B61BC2500304B7B /* Neobis_iOS_UIScreens.app */ = {isa = PBXFileReference; explicitFileType = wrapper.application; includeInIndex = 0; path = Neobis_iOS_UIScreens.app; sourceTree = BUILT_PRODUCTS_DIR; };
		F11D97B32B61BC2500304B7B /* AppDelegate.swift */ = {isa = PBXFileReference; lastKnownFileType = sourcecode.swift; path = AppDelegate.swift; sourceTree = "<group>"; };
		F11D97B52B61BC2500304B7B /* SceneDelegate.swift */ = {isa = PBXFileReference; lastKnownFileType = sourcecode.swift; path = SceneDelegate.swift; sourceTree = "<group>"; };
		F11D97B72B61BC2500304B7B /* BookViewController.swift */ = {isa = PBXFileReference; lastKnownFileType = sourcecode.swift; path = BookViewController.swift; sourceTree = "<group>"; };
		F11D97BC2B61BC2500304B7B /* Assets.xcassets */ = {isa = PBXFileReference; lastKnownFileType = folder.assetcatalog; path = Assets.xcassets; sourceTree = "<group>"; };
		F11D97BF2B61BC2500304B7B /* Base */ = {isa = PBXFileReference; lastKnownFileType = file.storyboard; name = Base; path = Base.lproj/LaunchScreen.storyboard; sourceTree = "<group>"; };
		F11D97C12B61BC2500304B7B /* Info.plist */ = {isa = PBXFileReference; lastKnownFileType = text.plist.xml; path = Info.plist; sourceTree = "<group>"; };
		F11D97C92B62809800304B7B /* TripViewController.swift */ = {isa = PBXFileReference; lastKnownFileType = sourcecode.swift; path = TripViewController.swift; sourceTree = "<group>"; };
		F11D97CC2B62866900304B7B /* Model.swift */ = {isa = PBXFileReference; lastKnownFileType = sourcecode.swift; path = Model.swift; sourceTree = "<group>"; };
		F11D97CF2B62879100304B7B /* Extensions.swift */ = {isa = PBXFileReference; lastKnownFileType = sourcecode.swift; path = Extensions.swift; sourceTree = "<group>"; };
		F11D97D12B628A0B00304B7B /* BookCustomTableViewCell.swift */ = {isa = PBXFileReference; lastKnownFileType = sourcecode.swift; path = BookCustomTableViewCell.swift; sourceTree = "<group>"; };
		F11D97D42B6530C200304B7B /* Segoe UI.ttf */ = {isa = PBXFileReference; lastKnownFileType = file; path = "Segoe UI.ttf"; sourceTree = "<group>"; };
		F1BF4B112B69D50F000A7B3F /* NotoSans-Regular.ttf */ = {isa = PBXFileReference; lastKnownFileType = file; path = "NotoSans-Regular.ttf"; sourceTree = "<group>"; };
		F1BF4B122B69D50F000A7B3F /* NotoSans-Bold.ttf */ = {isa = PBXFileReference; lastKnownFileType = file; path = "NotoSans-Bold.ttf"; sourceTree = "<group>"; };
		F1BF4B132B69D50F000A7B3F /* NotoSans-Medium.ttf */ = {isa = PBXFileReference; lastKnownFileType = file; path = "NotoSans-Medium.ttf"; sourceTree = "<group>"; };
		F1BF4B172B69D583000A7B3F /* TripModel.swift */ = {isa = PBXFileReference; lastKnownFileType = sourcecode.swift; path = TripModel.swift; sourceTree = "<group>"; };
		F1BF4B192B69D5AC000A7B3F /* TripTableViewCell.swift */ = {isa = PBXFileReference; lastKnownFileType = sourcecode.swift; path = TripTableViewCell.swift; sourceTree = "<group>"; };
		F1BF4B1C2B6ADA42000A7B3F /* CryptoViewController.swift */ = {isa = PBXFileReference; lastKnownFileType = sourcecode.swift; path = CryptoViewController.swift; sourceTree = "<group>"; };
		F1BF4B1E2B6AFBC4000A7B3F /* Segoe UI Bold.ttf */ = {isa = PBXFileReference; lastKnownFileType = file; path = "Segoe UI Bold.ttf"; sourceTree = "<group>"; };
		F1BF4B252B6B0DB5000A7B3F /* CryptoModel.swift */ = {isa = PBXFileReference; lastKnownFileType = sourcecode.swift; path = CryptoModel.swift; sourceTree = "<group>"; };
		F1BF4B272B6B0DEF000A7B3F /* CryptoTableViewCell.swift */ = {isa = PBXFileReference; lastKnownFileType = sourcecode.swift; path = CryptoTableViewCell.swift; sourceTree = "<group>"; };
		F1CA123F2B6D8686006F8D8E /* FinanceTableViewCell.swift */ = {isa = PBXFileReference; lastKnownFileType = sourcecode.swift; path = FinanceTableViewCell.swift; sourceTree = "<group>"; };
		F1CA12412B6D8696006F8D8E /* FinanceViewController.swift */ = {isa = PBXFileReference; lastKnownFileType = sourcecode.swift; path = FinanceViewController.swift; sourceTree = "<group>"; };
		F1CA12432B6D86A7006F8D8E /* FinanceModel.swift */ = {isa = PBXFileReference; lastKnownFileType = sourcecode.swift; path = FinanceModel.swift; sourceTree = "<group>"; };
		F1CA12452B6D8E24006F8D8E /* Inter-Medium.ttf */ = {isa = PBXFileReference; lastKnownFileType = file; path = "Inter-Medium.ttf"; sourceTree = "<group>"; };
		F1CA12462B6D8E24006F8D8E /* Inter-Regular.ttf */ = {isa = PBXFileReference; lastKnownFileType = file; path = "Inter-Regular.ttf"; sourceTree = "<group>"; };
		F1CA12472B6D8E24006F8D8E /* Inter-ExtraBold.ttf */ = {isa = PBXFileReference; lastKnownFileType = file; path = "Inter-ExtraBold.ttf"; sourceTree = "<group>"; };
/* End PBXFileReference section */

/* Begin PBXFrameworksBuildPhase section */
		F11D97AD2B61BC2500304B7B /* Frameworks */ = {
			isa = PBXFrameworksBuildPhase;
			buildActionMask = 2147483647;
			files = (
			);
			runOnlyForDeploymentPostprocessing = 0;
		};
/* End PBXFrameworksBuildPhase section */

/* Begin PBXGroup section */
		F11D97A72B61BC2400304B7B = {
			isa = PBXGroup;
			children = (
				F11D97B22B61BC2500304B7B /* Neobis_iOS_UIScreens */,
				F11D97B12B61BC2500304B7B /* Products */,
			);
			sourceTree = "<group>";
		};
		F11D97B12B61BC2500304B7B /* Products */ = {
			isa = PBXGroup;
			children = (
				F11D97B02B61BC2500304B7B /* Neobis_iOS_UIScreens.app */,
			);
			name = Products;
			sourceTree = "<group>";
		};
		F11D97B22B61BC2500304B7B /* Neobis_iOS_UIScreens */ = {
			isa = PBXGroup;
			children = (
				F11D97B32B61BC2500304B7B /* AppDelegate.swift */,
				F11D97B52B61BC2500304B7B /* SceneDelegate.swift */,
				F11D97D32B652F2200304B7B /* Fonts */,
				F11D97CB2B62864A00304B7B /* Book */,
				F11D97FB2B69921600304B7B /* Trip */,
				F1BF4B1B2B6ADA0C000A7B3F /* Crypto */,
				F1CA123E2B6D8654006F8D8E /* Finance */,
				F11D97CE2B62877B00304B7B /* Utils */,
				F11D97BC2B61BC2500304B7B /* Assets.xcassets */,
				F11D97BE2B61BC2500304B7B /* LaunchScreen.storyboard */,
				F11D97C12B61BC2500304B7B /* Info.plist */,
			);
			path = Neobis_iOS_UIScreens;
			sourceTree = "<group>";
		};
		F11D97CB2B62864A00304B7B /* Book */ = {
			isa = PBXGroup;
			children = (
				F11D97B72B61BC2500304B7B /* BookViewController.swift */,
				F11D97CC2B62866900304B7B /* Model.swift */,
				F11D97D12B628A0B00304B7B /* BookCustomTableViewCell.swift */,
			);
			path = Book;
			sourceTree = "<group>";
		};
		F11D97CE2B62877B00304B7B /* Utils */ = {
			isa = PBXGroup;
			children = (
				F11D97CF2B62879100304B7B /* Extensions.swift */,
			);
			path = Utils;
			sourceTree = "<group>";
		};
		F11D97D32B652F2200304B7B /* Fonts */ = {
			isa = PBXGroup;
			children = (
				F1CA12472B6D8E24006F8D8E /* Inter-ExtraBold.ttf */,
				F1CA12452B6D8E24006F8D8E /* Inter-Medium.ttf */,
				F1CA12462B6D8E24006F8D8E /* Inter-Regular.ttf */,
				F1BF4B122B69D50F000A7B3F /* NotoSans-Bold.ttf */,
				F1BF4B132B69D50F000A7B3F /* NotoSans-Medium.ttf */,
				F1BF4B112B69D50F000A7B3F /* NotoSans-Regular.ttf */,
				F11D97D42B6530C200304B7B /* Segoe UI.ttf */,
				F1BF4B1E2B6AFBC4000A7B3F /* Segoe UI Bold.ttf */,
			);
			path = Fonts;
			sourceTree = "<group>";
		};
		F11D97FB2B69921600304B7B /* Trip */ = {
			isa = PBXGroup;
			children = (
				F11D97C92B62809800304B7B /* TripViewController.swift */,
				F1BF4B172B69D583000A7B3F /* TripModel.swift */,
				F1BF4B192B69D5AC000A7B3F /* TripTableViewCell.swift */,
			);
			path = Trip;
			sourceTree = "<group>";
		};
		F1BF4B1B2B6ADA0C000A7B3F /* Crypto */ = {
			isa = PBXGroup;
			children = (
				F1BF4B1C2B6ADA42000A7B3F /* CryptoViewController.swift */,
				F1BF4B252B6B0DB5000A7B3F /* CryptoModel.swift */,
				F1BF4B272B6B0DEF000A7B3F /* CryptoTableViewCell.swift */,
			);
			path = Crypto;
			sourceTree = "<group>";
		};
		F1CA123E2B6D8654006F8D8E /* Finance */ = {
			isa = PBXGroup;
			children = (
				F1CA12412B6D8696006F8D8E /* FinanceViewController.swift */,
				F1CA12432B6D86A7006F8D8E /* FinanceModel.swift */,
				F1CA123F2B6D8686006F8D8E /* FinanceTableViewCell.swift */,
			);
			path = Finance;
			sourceTree = "<group>";
		};
/* End PBXGroup section */

/* Begin PBXNativeTarget section */
		F11D97AF2B61BC2500304B7B /* Neobis_iOS_UIScreens */ = {
			isa = PBXNativeTarget;
			buildConfigurationList = F11D97C42B61BC2500304B7B /* Build configuration list for PBXNativeTarget "Neobis_iOS_UIScreens" */;
			buildPhases = (
				F11D97AC2B61BC2500304B7B /* Sources */,
				F11D97AD2B61BC2500304B7B /* Frameworks */,
				F11D97AE2B61BC2500304B7B /* Resources */,
			);
			buildRules = (
			);
			dependencies = (
			);
			name = Neobis_iOS_UIScreens;
			productName = Neobis_iOS_UIScreens;
			productReference = F11D97B02B61BC2500304B7B /* Neobis_iOS_UIScreens.app */;
			productType = "com.apple.product-type.application";
		};
/* End PBXNativeTarget section */

/* Begin PBXProject section */
		F11D97A82B61BC2400304B7B /* Project object */ = {
			isa = PBXProject;
			attributes = {
				BuildIndependentTargetsInParallel = 1;
				LastSwiftUpdateCheck = 1510;
				LastUpgradeCheck = 1510;
				TargetAttributes = {
					F11D97AF2B61BC2500304B7B = {
						CreatedOnToolsVersion = 15.1;
					};
				};
			};
			buildConfigurationList = F11D97AB2B61BC2400304B7B /* Build configuration list for PBXProject "Neobis_iOS_UIScreens" */;
			compatibilityVersion = "Xcode 14.0";
			developmentRegion = en;
			hasScannedForEncodings = 0;
			knownRegions = (
				en,
				Base,
			);
			mainGroup = F11D97A72B61BC2400304B7B;
			productRefGroup = F11D97B12B61BC2500304B7B /* Products */;
			projectDirPath = "";
			projectRoot = "";
			targets = (
				F11D97AF2B61BC2500304B7B /* Neobis_iOS_UIScreens */,
			);
		};
/* End PBXProject section */

/* Begin PBXResourcesBuildPhase section */
		F11D97AE2B61BC2500304B7B /* Resources */ = {
			isa = PBXResourcesBuildPhase;
			buildActionMask = 2147483647;
			files = (
				F1BF4B142B69D50F000A7B3F /* NotoSans-Regular.ttf in Resources */,
				F1CA12492B6D8E24006F8D8E /* Inter-Regular.ttf in Resources */,
				F11D97C02B61BC2500304B7B /* LaunchScreen.storyboard in Resources */,
				F1BF4B162B69D50F000A7B3F /* NotoSans-Medium.ttf in Resources */,
				F11D97D52B6530C200304B7B /* Segoe UI.ttf in Resources */,
				F1CA124A2B6D8E24006F8D8E /* Inter-ExtraBold.ttf in Resources */,
				F1CA12482B6D8E24006F8D8E /* Inter-Medium.ttf in Resources */,
				F1BF4B1F2B6AFBC4000A7B3F /* Segoe UI Bold.ttf in Resources */,
				F1BF4B152B69D50F000A7B3F /* NotoSans-Bold.ttf in Resources */,
				F11D97BD2B61BC2500304B7B /* Assets.xcassets in Resources */,
			);
			runOnlyForDeploymentPostprocessing = 0;
		};
/* End PBXResourcesBuildPhase section */

/* Begin PBXSourcesBuildPhase section */
		F11D97AC2B61BC2500304B7B /* Sources */ = {
			isa = PBXSourcesBuildPhase;
			buildActionMask = 2147483647;
			files = (
				F11D97CD2B62866900304B7B /* Model.swift in Sources */,
				F11D97D02B62879100304B7B /* Extensions.swift in Sources */,
				F11D97B82B61BC2500304B7B /* BookViewController.swift in Sources */,
				F1BF4B1D2B6ADA42000A7B3F /* CryptoViewController.swift in Sources */,
				F1BF4B1A2B69D5AC000A7B3F /* TripTableViewCell.swift in Sources */,
				F1CA12422B6D8696006F8D8E /* FinanceViewController.swift in Sources */,
				F11D97CA2B62809800304B7B /* TripViewController.swift in Sources */,
				F1CA12442B6D86A7006F8D8E /* FinanceModel.swift in Sources */,
				F1BF4B262B6B0DB5000A7B3F /* CryptoModel.swift in Sources */,
				F11D97B42B61BC2500304B7B /* AppDelegate.swift in Sources */,
				F1BF4B282B6B0DEF000A7B3F /* CryptoTableViewCell.swift in Sources */,
				F1CA12402B6D8686006F8D8E /* FinanceTableViewCell.swift in Sources */,
				F11D97D22B628A0B00304B7B /* BookCustomTableViewCell.swift in Sources */,
				F11D97B62B61BC2500304B7B /* SceneDelegate.swift in Sources */,
				F1BF4B182B69D583000A7B3F /* TripModel.swift in Sources */,
			);
			runOnlyForDeploymentPostprocessing = 0;
		};
/* End PBXSourcesBuildPhase section */

/* Begin PBXVariantGroup section */
		F11D97BE2B61BC2500304B7B /* LaunchScreen.storyboard */ = {
			isa = PBXVariantGroup;
			children = (
				F11D97BF2B61BC2500304B7B /* Base */,
			);
			name = LaunchScreen.storyboard;
			sourceTree = "<group>";
		};
/* End PBXVariantGroup section */

/* Begin XCBuildConfiguration section */
		F11D97C22B61BC2500304B7B /* Debug */ = {
			isa = XCBuildConfiguration;
			buildSettings = {
				ALWAYS_SEARCH_USER_PATHS = NO;
				ASSETCATALOG_COMPILER_GENERATE_SWIFT_ASSET_SYMBOL_EXTENSIONS = YES;
				CLANG_ANALYZER_NONNULL = YES;
				CLANG_ANALYZER_NUMBER_OBJECT_CONVERSION = YES_AGGRESSIVE;
				CLANG_CXX_LANGUAGE_STANDARD = "gnu++20";
				CLANG_ENABLE_MODULES = YES;
				CLANG_ENABLE_OBJC_ARC = YES;
				CLANG_ENABLE_OBJC_WEAK = YES;
				CLANG_WARN_BLOCK_CAPTURE_AUTORELEASING = YES;
				CLANG_WARN_BOOL_CONVERSION = YES;
				CLANG_WARN_COMMA = YES;
				CLANG_WARN_CONSTANT_CONVERSION = YES;
				CLANG_WARN_DEPRECATED_OBJC_IMPLEMENTATIONS = YES;
				CLANG_WARN_DIRECT_OBJC_ISA_USAGE = YES_ERROR;
				CLANG_WARN_DOCUMENTATION_COMMENTS = YES;
				CLANG_WARN_EMPTY_BODY = YES;
				CLANG_WARN_ENUM_CONVERSION = YES;
				CLANG_WARN_INFINITE_RECURSION = YES;
				CLANG_WARN_INT_CONVERSION = YES;
				CLANG_WARN_NON_LITERAL_NULL_CONVERSION = YES;
				CLANG_WARN_OBJC_IMPLICIT_RETAIN_SELF = YES;
				CLANG_WARN_OBJC_LITERAL_CONVERSION = YES;
				CLANG_WARN_OBJC_ROOT_CLASS = YES_ERROR;
				CLANG_WARN_QUOTED_INCLUDE_IN_FRAMEWORK_HEADER = YES;
				CLANG_WARN_RANGE_LOOP_ANALYSIS = YES;
				CLANG_WARN_STRICT_PROTOTYPES = YES;
				CLANG_WARN_SUSPICIOUS_MOVE = YES;
				CLANG_WARN_UNGUARDED_AVAILABILITY = YES_AGGRESSIVE;
				CLANG_WARN_UNREACHABLE_CODE = YES;
				CLANG_WARN__DUPLICATE_METHOD_MATCH = YES;
				COPY_PHASE_STRIP = NO;
				DEBUG_INFORMATION_FORMAT = dwarf;
				ENABLE_STRICT_OBJC_MSGSEND = YES;
				ENABLE_TESTABILITY = YES;
				ENABLE_USER_SCRIPT_SANDBOXING = YES;
				GCC_C_LANGUAGE_STANDARD = gnu17;
				GCC_DYNAMIC_NO_PIC = NO;
				GCC_NO_COMMON_BLOCKS = YES;
				GCC_OPTIMIZATION_LEVEL = 0;
				GCC_PREPROCESSOR_DEFINITIONS = (
					"DEBUG=1",
					"$(inherited)",
				);
				GCC_WARN_64_TO_32_BIT_CONVERSION = YES;
				GCC_WARN_ABOUT_RETURN_TYPE = YES_ERROR;
				GCC_WARN_UNDECLARED_SELECTOR = YES;
				GCC_WARN_UNINITIALIZED_AUTOS = YES_AGGRESSIVE;
				GCC_WARN_UNUSED_FUNCTION = YES;
				GCC_WARN_UNUSED_VARIABLE = YES;
				IPHONEOS_DEPLOYMENT_TARGET = 17.2;
				LOCALIZATION_PREFERS_STRING_CATALOGS = YES;
				MTL_ENABLE_DEBUG_INFO = INCLUDE_SOURCE;
				MTL_FAST_MATH = YES;
				ONLY_ACTIVE_ARCH = YES;
				SDKROOT = iphoneos;
				SWIFT_ACTIVE_COMPILATION_CONDITIONS = "DEBUG $(inherited)";
				SWIFT_OPTIMIZATION_LEVEL = "-Onone";
			};
			name = Debug;
		};
		F11D97C32B61BC2500304B7B /* Release */ = {
			isa = XCBuildConfiguration;
			buildSettings = {
				ALWAYS_SEARCH_USER_PATHS = NO;
				ASSETCATALOG_COMPILER_GENERATE_SWIFT_ASSET_SYMBOL_EXTENSIONS = YES;
				CLANG_ANALYZER_NONNULL = YES;
				CLANG_ANALYZER_NUMBER_OBJECT_CONVERSION = YES_AGGRESSIVE;
				CLANG_CXX_LANGUAGE_STANDARD = "gnu++20";
				CLANG_ENABLE_MODULES = YES;
				CLANG_ENABLE_OBJC_ARC = YES;
				CLANG_ENABLE_OBJC_WEAK = YES;
				CLANG_WARN_BLOCK_CAPTURE_AUTORELEASING = YES;
				CLANG_WARN_BOOL_CONVERSION = YES;
				CLANG_WARN_COMMA = YES;
				CLANG_WARN_CONSTANT_CONVERSION = YES;
				CLANG_WARN_DEPRECATED_OBJC_IMPLEMENTATIONS = YES;
				CLANG_WARN_DIRECT_OBJC_ISA_USAGE = YES_ERROR;
				CLANG_WARN_DOCUMENTATION_COMMENTS = YES;
				CLANG_WARN_EMPTY_BODY = YES;
				CLANG_WARN_ENUM_CONVERSION = YES;
				CLANG_WARN_INFINITE_RECURSION = YES;
				CLANG_WARN_INT_CONVERSION = YES;
				CLANG_WARN_NON_LITERAL_NULL_CONVERSION = YES;
				CLANG_WARN_OBJC_IMPLICIT_RETAIN_SELF = YES;
				CLANG_WARN_OBJC_LITERAL_CONVERSION = YES;
				CLANG_WARN_OBJC_ROOT_CLASS = YES_ERROR;
				CLANG_WARN_QUOTED_INCLUDE_IN_FRAMEWORK_HEADER = YES;
				CLANG_WARN_RANGE_LOOP_ANALYSIS = YES;
				CLANG_WARN_STRICT_PROTOTYPES = YES;
				CLANG_WARN_SUSPICIOUS_MOVE = YES;
				CLANG_WARN_UNGUARDED_AVAILABILITY = YES_AGGRESSIVE;
				CLANG_WARN_UNREACHABLE_CODE = YES;
				CLANG_WARN__DUPLICATE_METHOD_MATCH = YES;
				COPY_PHASE_STRIP = NO;
				DEBUG_INFORMATION_FORMAT = "dwarf-with-dsym";
				ENABLE_NS_ASSERTIONS = NO;
				ENABLE_STRICT_OBJC_MSGSEND = YES;
				ENABLE_USER_SCRIPT_SANDBOXING = YES;
				GCC_C_LANGUAGE_STANDARD = gnu17;
				GCC_NO_COMMON_BLOCKS = YES;
				GCC_WARN_64_TO_32_BIT_CONVERSION = YES;
				GCC_WARN_ABOUT_RETURN_TYPE = YES_ERROR;
				GCC_WARN_UNDECLARED_SELECTOR = YES;
				GCC_WARN_UNINITIALIZED_AUTOS = YES_AGGRESSIVE;
				GCC_WARN_UNUSED_FUNCTION = YES;
				GCC_WARN_UNUSED_VARIABLE = YES;
				IPHONEOS_DEPLOYMENT_TARGET = 17.2;
				LOCALIZATION_PREFERS_STRING_CATALOGS = YES;
				MTL_ENABLE_DEBUG_INFO = NO;
				MTL_FAST_MATH = YES;
				SDKROOT = iphoneos;
				SWIFT_COMPILATION_MODE = wholemodule;
				VALIDATE_PRODUCT = YES;
			};
			name = Release;
		};
		F11D97C52B61BC2500304B7B /* Debug */ = {
			isa = XCBuildConfiguration;
			buildSettings = {
				ASSETCATALOG_COMPILER_APPICON_NAME = AppIcon;
				ASSETCATALOG_COMPILER_GLOBAL_ACCENT_COLOR_NAME = AccentColor;
				CODE_SIGN_STYLE = Automatic;
				CURRENT_PROJECT_VERSION = 1;
				DEVELOPMENT_TEAM = S384TNP4Y3;
				GENERATE_INFOPLIST_FILE = YES;
				INFOPLIST_FILE = Neobis_iOS_UIScreens/Info.plist;
				INFOPLIST_KEY_UIApplicationSupportsIndirectInputEvents = YES;
				INFOPLIST_KEY_UILaunchStoryboardName = LaunchScreen;
				INFOPLIST_KEY_UISupportedInterfaceOrientations_iPad = "UIInterfaceOrientationPortrait UIInterfaceOrientationPortraitUpsideDown UIInterfaceOrientationLandscapeLeft UIInterfaceOrientationLandscapeRight";
				INFOPLIST_KEY_UISupportedInterfaceOrientations_iPhone = "UIInterfaceOrientationPortrait UIInterfaceOrientationLandscapeLeft UIInterfaceOrientationLandscapeRight";
				LD_RUNPATH_SEARCH_PATHS = (
					"$(inherited)",
					"@executable_path/Frameworks",
				);
				MARKETING_VERSION = 1.0;
				PRODUCT_BUNDLE_IDENTIFIER = "com.IgorPachkin.Neobis-iOS-UIScreens";
				PRODUCT_NAME = "$(TARGET_NAME)";
				SWIFT_EMIT_LOC_STRINGS = YES;
				SWIFT_VERSION = 5.0;
				TARGETED_DEVICE_FAMILY = "1,2";
			};
			name = Debug;
		};
		F11D97C62B61BC2500304B7B /* Release */ = {
			isa = XCBuildConfiguration;
			buildSettings = {
				ASSETCATALOG_COMPILER_APPICON_NAME = AppIcon;
				ASSETCATALOG_COMPILER_GLOBAL_ACCENT_COLOR_NAME = AccentColor;
				CODE_SIGN_STYLE = Automatic;
				CURRENT_PROJECT_VERSION = 1;
				DEVELOPMENT_TEAM = S384TNP4Y3;
				GENERATE_INFOPLIST_FILE = YES;
				INFOPLIST_FILE = Neobis_iOS_UIScreens/Info.plist;
				INFOPLIST_KEY_UIApplicationSupportsIndirectInputEvents = YES;
				INFOPLIST_KEY_UILaunchStoryboardName = LaunchScreen;
				INFOPLIST_KEY_UISupportedInterfaceOrientations_iPad = "UIInterfaceOrientationPortrait UIInterfaceOrientationPortraitUpsideDown UIInterfaceOrientationLandscapeLeft UIInterfaceOrientationLandscapeRight";
				INFOPLIST_KEY_UISupportedInterfaceOrientations_iPhone = "UIInterfaceOrientationPortrait UIInterfaceOrientationLandscapeLeft UIInterfaceOrientationLandscapeRight";
				LD_RUNPATH_SEARCH_PATHS = (
					"$(inherited)",
					"@executable_path/Frameworks",
				);
				MARKETING_VERSION = 1.0;
				PRODUCT_BUNDLE_IDENTIFIER = "com.IgorPachkin.Neobis-iOS-UIScreens";
				PRODUCT_NAME = "$(TARGET_NAME)";
				SWIFT_EMIT_LOC_STRINGS = YES;
				SWIFT_VERSION = 5.0;
				TARGETED_DEVICE_FAMILY = "1,2";
			};
			name = Release;
		};
/* End XCBuildConfiguration section */

/* Begin XCConfigurationList section */
		F11D97AB2B61BC2400304B7B /* Build configuration list for PBXProject "Neobis_iOS_UIScreens" */ = {
			isa = XCConfigurationList;
			buildConfigurations = (
				F11D97C22B61BC2500304B7B /* Debug */,
				F11D97C32B61BC2500304B7B /* Release */,
			);
			defaultConfigurationIsVisible = 0;
			defaultConfigurationName = Release;
		};
		F11D97C42B61BC2500304B7B /* Build configuration list for PBXNativeTarget "Neobis_iOS_UIScreens" */ = {
			isa = XCConfigurationList;
			buildConfigurations = (
				F11D97C52B61BC2500304B7B /* Debug */,
				F11D97C62B61BC2500304B7B /* Release */,
			);
			defaultConfigurationIsVisible = 0;
			defaultConfigurationName = Release;
		};
/* End XCConfigurationList section */
	};
	rootObject = F11D97A82B61BC2400304B7B /* Project object */;
}
